
Microsoft Visual Studio Solution File, Format Version 12.00
# Visual Studio 14
VisualStudioVersion = 14.0.25420.1
MinimumVisualStudioVersion = 10.0.40219.1
Project("{8BC9CEB8-8B4A-11D0-8D11-00A0C91BC942}") = "PrimeNumbers", "PrimeNumbers\PrimeNumbers.vcxproj", "{6769F785-E29E-4AF1-899F-55512C00E7A6}"
EndProject
Project("{8BC9CEB8-8B4A-11D0-8D11-00A0C91BC942}") = "Tests", "Tests\Tests.vcxproj", "{A1BC0073-EB0E-48CD-881B-6FB3EC7494BC}"
	ProjectSection(ProjectDependencies) = postProject
		{6769F785-E29E-4AF1-899F-55512C00E7A6} = {6769F785-E29E-4AF1-899F-55512C00E7A6}
	EndProjectSection
EndProject
Project("{8BC9CEB8-8B4A-11D0-8D11-00A0C91BC942}") = "CalculatePrimesApplication", "CalculatePrimesApplication\CalculatePrimesApplication.vcxproj", "{92063589-78E7-4AA0-8DF2-0325A79D03EB}"
EndProject
Global
	GlobalSection(SolutionConfigurationPlatforms) = preSolution
		Debug|x64 = Debug|x64
		Release|x64 = Release|x64
	EndGlobalSection
	GlobalSection(ProjectConfigurationPlatforms) = postSolution
		{6769F785-E29E-4AF1-899F-55512C00E7A6}.Debug|x64.ActiveCfg = Debug|x64
		{6769F785-E29E-4AF1-899F-55512C00E7A6}.Debug|x64.Build.0 = Debug|x64
		{6769F785-E29E-4AF1-899F-55512C00E7A6}.Release|x64.ActiveCfg = Release|x64
		{6769F785-E29E-4AF1-899F-55512C00E7A6}.Release|x64.Build.0 = Release|x64
		{A1BC0073-EB0E-48CD-881B-6FB3EC7494BC}.Debug|x64.ActiveCfg = Debug|x64
		{A1BC0073-EB0E-48CD-881B-6FB3EC7494BC}.Debug|x64.Build.0 = Debug|x64
		{A1BC0073-EB0E-48CD-881B-6FB3EC7494BC}.Release|x64.ActiveCfg = Release|x64
		{A1BC0073-EB0E-48CD-881B-6FB3EC7494BC}.Release|x64.Build.0 = Release|x64
		{92063589-78E7-4AA0-8DF2-0325A79D03EB}.Debug|x64.ActiveCfg = Debug|x64
		{92063589-78E7-4AA0-8DF2-0325A79D03EB}.Debug|x64.Build.0 = Debug|x64
		{92063589-78E7-4AA0-8DF2-0325A79D03EB}.Release|x64.ActiveCfg = Release|x64
		{92063589-78E7-4AA0-8DF2-0325A79D03EB}.Release|x64.Build.0 = Release|x64
	EndGlobalSection
	GlobalSection(SolutionProperties) = preSolution
		HideSolutionNode = FALSE
	EndGlobalSection
EndGlobal
